
Microsoft Visual Studio Solution File, Format Version 12.00
# Visual Studio Version 17
VisualStudioVersion = 17.3.32922.545
MinimumVisualStudioVersion = 10.0.40219.1
Project("{FAE04EC0-301F-11D3-BF4B-00C04F79EFBC}") = "Entities", "Entities\Entities.csproj", "{D584C1FF-4059-4850-8012-D304E0B9DF40}"
EndProject
Global
	GlobalSection(SolutionConfigurationPlatforms) = preSolution
		Debug|Any CPU = Debug|Any CPU
		Release|Any CPU = Release|Any CPU
	EndGlobalSection
	GlobalSection(ProjectConfigurationPlatforms) = postSolution
		{D584C1FF-4059-4850-8012-D304E0B9DF40}.Debug|Any CPU.ActiveCfg = Debug|Any CPU
		{D584C1FF-4059-4850-8012-D304E0B9DF40}.Debug|Any CPU.Build.0 = Debug|Any CPU
		{D584C1FF-4059-4850-8012-D304E0B9DF40}.Release|Any CPU.ActiveCfg = Release|Any CPU
		{D584C1FF-4059-4850-8012-D304E0B9DF40}.Release|Any CPU.Build.0 = Release|Any CPU
	EndGlobalSection
	GlobalSection(SolutionProperties) = preSolution
		HideSolutionNode = FALSE
	EndGlobalSection
	GlobalSection(ExtensibilityGlobals) = postSolution
		SolutionGuid = {AB58F7AE-A688-45F9-BD53-A66A243728F0}
	EndGlobalSection
EndGlobal
